
Microsoft Visual Studio Solution File, Format Version 12.00
# Visual Studio Version 17
VisualStudioVersion = 17.9.34728.123
MinimumVisualStudioVersion = 10.0.40219.1
Project("{FAE04EC0-301F-11D3-BF4B-00C04F79EFBC}") = "Magazin", "Magazin\Magazin.csproj", "{FEF7D960-9E35-4D69-BF9D-1A73AF2D2F55}"
EndProject
Global
	GlobalSection(SolutionConfigurationPlatforms) = preSolution
		Debug|Any CPU = Debug|Any CPU
		Release|Any CPU = Release|Any CPU
	EndGlobalSection
	GlobalSection(ProjectConfigurationPlatforms) = postSolution
		{FEF7D960-9E35-4D69-BF9D-1A73AF2D2F55}.Debug|Any CPU.ActiveCfg = Debug|Any CPU
		{FEF7D960-9E35-4D69-BF9D-1A73AF2D2F55}.Debug|Any CPU.Build.0 = Debug|Any CPU
		{FEF7D960-9E35-4D69-BF9D-1A73AF2D2F55}.Release|Any CPU.ActiveCfg = Release|Any CPU
		{FEF7D960-9E35-4D69-BF9D-1A73AF2D2F55}.Release|Any CPU.Build.0 = Release|Any CPU
	EndGlobalSection
	GlobalSection(SolutionProperties) = preSolution
		HideSolutionNode = FALSE
	EndGlobalSection
	GlobalSection(ExtensibilityGlobals) = postSolution
		SolutionGuid = {0CD6AAC3-9301-4A86-8CC4-368257F0C1C2}
	EndGlobalSection
EndGlobal
